
Microsoft Visual Studio Solution File, Format Version 12.00
# Visual Studio 15
VisualStudioVersion = 15.0.27130.2003
MinimumVisualStudioVersion = 10.0.40219.1
Project("{9A19103F-16F7-4668-BE54-9A1E7A4F7556}") = "BestBulgarianMovies.Web", "BestBulgarianMovies.Web\BestBulgarianMovies.Web.csproj", "{77FA4338-06DD-4B20-B2D3-3DDA41493A4B}"
EndProject
Project("{9A19103F-16F7-4668-BE54-9A1E7A4F7556}") = "BestBulgarianMovies.Data", "BestBulgarianMovies.Data\BestBulgarianMovies.Data.csproj", "{A19A21B9-CE26-4E93-9977-C847B303A894}"
EndProject
Project("{9A19103F-16F7-4668-BE54-9A1E7A4F7556}") = "BestBulgarianMovies.Common", "BestBulgarianMovies.Common\BestBulgarianMovies.Common.csproj", "{A2540BF0-F8AF-4D1B-A7CD-4BDCA7CF69C3}"
EndProject
Project("{FAE04EC0-301F-11D3-BF4B-00C04F79EFBC}") = "BestBulgarianMovies.Services", "BestBulgarianMovies.Services\BestBulgarianMovies.Services.csproj", "{EB936021-C4A8-4A70-8487-2D1866C160B2}"
EndProject
Global
	GlobalSection(SolutionConfigurationPlatforms) = preSolution
		Debug|Any CPU = Debug|Any CPU
		Release|Any CPU = Release|Any CPU
	EndGlobalSection
	GlobalSection(ProjectConfigurationPlatforms) = postSolution
		{77FA4338-06DD-4B20-B2D3-3DDA41493A4B}.Debug|Any CPU.ActiveCfg = Debug|Any CPU
		{77FA4338-06DD-4B20-B2D3-3DDA41493A4B}.Debug|Any CPU.Build.0 = Debug|Any CPU
		{77FA4338-06DD-4B20-B2D3-3DDA41493A4B}.Release|Any CPU.ActiveCfg = Release|Any CPU
		{77FA4338-06DD-4B20-B2D3-3DDA41493A4B}.Release|Any CPU.Build.0 = Release|Any CPU
		{A19A21B9-CE26-4E93-9977-C847B303A894}.Debug|Any CPU.ActiveCfg = Debug|Any CPU
		{A19A21B9-CE26-4E93-9977-C847B303A894}.Debug|Any CPU.Build.0 = Debug|Any CPU
		{A19A21B9-CE26-4E93-9977-C847B303A894}.Release|Any CPU.ActiveCfg = Release|Any CPU
		{A19A21B9-CE26-4E93-9977-C847B303A894}.Release|Any CPU.Build.0 = Release|Any CPU
		{A2540BF0-F8AF-4D1B-A7CD-4BDCA7CF69C3}.Debug|Any CPU.ActiveCfg = Debug|Any CPU
		{A2540BF0-F8AF-4D1B-A7CD-4BDCA7CF69C3}.Debug|Any CPU.Build.0 = Debug|Any CPU
		{A2540BF0-F8AF-4D1B-A7CD-4BDCA7CF69C3}.Release|Any CPU.ActiveCfg = Release|Any CPU
		{A2540BF0-F8AF-4D1B-A7CD-4BDCA7CF69C3}.Release|Any CPU.Build.0 = Release|Any CPU
		{EB936021-C4A8-4A70-8487-2D1866C160B2}.Debug|Any CPU.ActiveCfg = Debug|Any CPU
		{EB936021-C4A8-4A70-8487-2D1866C160B2}.Debug|Any CPU.Build.0 = Debug|Any CPU
		{EB936021-C4A8-4A70-8487-2D1866C160B2}.Release|Any CPU.ActiveCfg = Release|Any CPU
		{EB936021-C4A8-4A70-8487-2D1866C160B2}.Release|Any CPU.Build.0 = Release|Any CPU
	EndGlobalSection
	GlobalSection(SolutionProperties) = preSolution
		HideSolutionNode = FALSE
	EndGlobalSection
	GlobalSection(ExtensibilityGlobals) = postSolution
		SolutionGuid = {9A03E172-AE8D-4688-A064-F411E8EE3D2D}
	EndGlobalSection
EndGlobal
